PODS:
  - AudioKit (4.6.2):
    - AudioKit/Core (= 4.6.2)
    - AudioKit/UI (= 4.6.2)
  - AudioKit/Core (4.6.2)
  - AudioKit/UI (4.6.2):
    - AudioKit/Core

DEPENDENCIES:
  - AudioKit (~> 4.0)

SPEC REPOS:
  https://github.com/cocoapods/specs.git:
    - AudioKit

SPEC CHECKSUMS:
  AudioKit: 58e75d916248611bc9245fd48109e578f0cd0252

PODFILE CHECKSUM: 893188ec4fb4d6f8c3aca02daffd01b9568f71a3

COCOAPODS: 1.5.2
